
Microsoft Visual Studio Solution File, Format Version 12.00
# Visual Studio 2013
VisualStudioVersion = 12.0.40629.0
MinimumVisualStudioVersion = 10.0.40219.1
Project("{FAE04EC0-301F-11D3-BF4B-00C04F79EFBC}") = "BarAppTrial", "BarAppTrial\BarAppTrial.csproj", "{7C9DBF9A-6DAA-43B4-9961-325A697E5043}"
EndProject
Project("{FAE04EC0-301F-11D3-BF4B-00C04F79EFBC}") = "BarAppTrial.Tests", "BarAppTrial.Tests\BarAppTrial.Tests.csproj", "{EE37FF3A-D0CE-4045-BF5E-1F2DDD18CA7E}"
EndProject
Global
	GlobalSection(SolutionConfigurationPlatforms) = preSolution
		Debug|Any CPU = Debug|Any CPU
		Release|Any CPU = Release|Any CPU
	EndGlobalSection
	GlobalSection(ProjectConfigurationPlatforms) = postSolution
		{7C9DBF9A-6DAA-43B4-9961-325A697E5043}.Debug|Any CPU.ActiveCfg = Debug|Any CPU
		{7C9DBF9A-6DAA-43B4-9961-325A697E5043}.Debug|Any CPU.Build.0 = Debug|Any CPU
		{7C9DBF9A-6DAA-43B4-9961-325A697E5043}.Release|Any CPU.ActiveCfg = Release|Any CPU
		{7C9DBF9A-6DAA-43B4-9961-325A697E5043}.Release|Any CPU.Build.0 = Release|Any CPU
		{EE37FF3A-D0CE-4045-BF5E-1F2DDD18CA7E}.Debug|Any CPU.ActiveCfg = Debug|Any CPU
		{EE37FF3A-D0CE-4045-BF5E-1F2DDD18CA7E}.Debug|Any CPU.Build.0 = Debug|Any CPU
		{EE37FF3A-D0CE-4045-BF5E-1F2DDD18CA7E}.Release|Any CPU.ActiveCfg = Release|Any CPU
		{EE37FF3A-D0CE-4045-BF5E-1F2DDD18CA7E}.Release|Any CPU.Build.0 = Release|Any CPU
	EndGlobalSection
	GlobalSection(SolutionProperties) = preSolution
		HideSolutionNode = FALSE
	EndGlobalSection
EndGlobal
